// !$*UTF8*$!
{
	archiveVersion = 1;
	classes = {
	};
	objectVersion = 56;
	objects = {

/* Begin PBXBuildFile section */
		4B3C17F729D3BD3C00C5E55C /* StarWarsApp.swift in Sources */ = {isa = PBXBuildFile; fileRef = 4B3C17F629D3BD3C00C5E55C /* StarWarsApp.swift */; };
		4B3C17FB29D3BD3C00C5E55C /* Assets.xcassets in Resources */ = {isa = PBXBuildFile; fileRef = 4B3C17FA29D3BD3C00C5E55C /* Assets.xcassets */; };
		4B3C17FE29D3BD3C00C5E55C /* Preview Assets.xcassets in Resources */ = {isa = PBXBuildFile; fileRef = 4B3C17FD29D3BD3C00C5E55C /* Preview Assets.xcassets */; };
		4B3C180829D3BD3C00C5E55C /* StarWarsTests.swift in Sources */ = {isa = PBXBuildFile; fileRef = 4B3C180729D3BD3C00C5E55C /* StarWarsTests.swift */; };
		4B3C181229D3BD3C00C5E55C /* StarWarsUITests.swift in Sources */ = {isa = PBXBuildFile; fileRef = 4B3C181129D3BD3C00C5E55C /* StarWarsUITests.swift */; };
		4B3C181429D3BD3C00C5E55C /* StarWarsUITestsLaunchTests.swift in Sources */ = {isa = PBXBuildFile; fileRef = 4B3C181329D3BD3C00C5E55C /* StarWarsUITestsLaunchTests.swift */; };
		4B3C182229D3BE6900C5E55C /* CharacterListViewModel.swift in Sources */ = {isa = PBXBuildFile; fileRef = 4B3C182129D3BE6900C5E55C /* CharacterListViewModel.swift */; };
		4B3C182429D3BE8B00C5E55C /* CharacterListScreen.swift in Sources */ = {isa = PBXBuildFile; fileRef = 4B3C182329D3BE8B00C5E55C /* CharacterListScreen.swift */; };
		4B3C182729D3BEB800C5E55C /* Strings.swift in Sources */ = {isa = PBXBuildFile; fileRef = 4B3C182629D3BEB800C5E55C /* Strings.swift */; };
		4B3C182A29D3BEFA00C5E55C /* ErrorView.swift in Sources */ = {isa = PBXBuildFile; fileRef = 4B3C182929D3BEFA00C5E55C /* ErrorView.swift */; };
		4B3C182D29D3BF3C00C5E55C /* BasePaginationModel.swift in Sources */ = {isa = PBXBuildFile; fileRef = 4B3C182C29D3BF3C00C5E55C /* BasePaginationModel.swift */; };
		4B3C182F29D3BF5A00C5E55C /* ViewState.swift in Sources */ = {isa = PBXBuildFile; fileRef = 4B3C182E29D3BF5A00C5E55C /* ViewState.swift */; };
		4B3C183129D3BF7F00C5E55C /* CharacterInfo.swift in Sources */ = {isa = PBXBuildFile; fileRef = 4B3C183029D3BF7F00C5E55C /* CharacterInfo.swift */; };
		4B3C183329D3BFA600C5E55C /* Reachability.swift in Sources */ = {isa = PBXBuildFile; fileRef = 4B3C183229D3BFA600C5E55C /* Reachability.swift */; };
		4B3C183629D3C01900C5E55C /* JSONDecoder+Ext.swift in Sources */ = {isa = PBXBuildFile; fileRef = 4B3C183529D3C01900C5E55C /* JSONDecoder+Ext.swift */; };
		4B3C183829D3C05800C5E55C /* URL+API.swift in Sources */ = {isa = PBXBuildFile; fileRef = 4B3C183729D3C05800C5E55C /* URL+API.swift */; };
		4B3C183C29D4946200C5E55C /* CharacterDetailsScreen.swift in Sources */ = {isa = PBXBuildFile; fileRef = 4B3C183B29D4946200C5E55C /* CharacterDetailsScreen.swift */; };
/* End PBXBuildFile section */

/* Begin PBXContainerItemProxy section */
		4B3C180429D3BD3C00C5E55C /* PBXContainerItemProxy */ = {
			isa = PBXContainerItemProxy;
			containerPortal = 4B3C17EB29D3BD3C00C5E55C /* Project object */;
			proxyType = 1;
			remoteGlobalIDString = 4B3C17F229D3BD3C00C5E55C;
			remoteInfo = StarWars;
		};
		4B3C180E29D3BD3C00C5E55C /* PBXContainerItemProxy */ = {
			isa = PBXContainerItemProxy;
			containerPortal = 4B3C17EB29D3BD3C00C5E55C /* Project object */;
			proxyType = 1;
			remoteGlobalIDString = 4B3C17F229D3BD3C00C5E55C;
			remoteInfo = StarWars;
		};
/* End PBXContainerItemProxy section */

/* Begin PBXFileReference section */
		4B3C17F329D3BD3C00C5E55C /* StarWars.app */ = {isa = PBXFileReference; explicitFileType = wrapper.application; includeInIndex = 0; path = StarWars.app; sourceTree = BUILT_PRODUCTS_DIR; };
		4B3C17F629D3BD3C00C5E55C /* StarWarsApp.swift */ = {isa = PBXFileReference; lastKnownFileType = sourcecode.swift; path = StarWarsApp.swift; sourceTree = "<group>"; };
		4B3C17FA29D3BD3C00C5E55C /* Assets.xcassets */ = {isa = PBXFileReference; lastKnownFileType = folder.assetcatalog; path = Assets.xcassets; sourceTree = "<group>"; };
		4B3C17FD29D3BD3C00C5E55C /* Preview Assets.xcassets */ = {isa = PBXFileReference; lastKnownFileType = folder.assetcatalog; path = "Preview Assets.xcassets"; sourceTree = "<group>"; };
		4B3C180329D3BD3C00C5E55C /* StarWarsTests.xctest */ = {isa = PBXFileReference; explicitFileType = wrapper.cfbundle; includeInIndex = 0; path = StarWarsTests.xctest; sourceTree = BUILT_PRODUCTS_DIR; };
		4B3C180729D3BD3C00C5E55C /* StarWarsTests.swift */ = {isa = PBXFileReference; lastKnownFileType = sourcecode.swift; path = StarWarsTests.swift; sourceTree = "<group>"; };
		4B3C180D29D3BD3C00C5E55C /* StarWarsUITests.xctest */ = {isa = PBXFileReference; explicitFileType = wrapper.cfbundle; includeInIndex = 0; path = StarWarsUITests.xctest; sourceTree = BUILT_PRODUCTS_DIR; };
		4B3C181129D3BD3C00C5E55C /* StarWarsUITests.swift */ = {isa = PBXFileReference; lastKnownFileType = sourcecode.swift; path = StarWarsUITests.swift; sourceTree = "<group>"; };
		4B3C181329D3BD3C00C5E55C /* StarWarsUITestsLaunchTests.swift */ = {isa = PBXFileReference; lastKnownFileType = sourcecode.swift; path = StarWarsUITestsLaunchTests.swift; sourceTree = "<group>"; };
		4B3C182129D3BE6900C5E55C /* CharacterListViewModel.swift */ = {isa = PBXFileReference; lastKnownFileType = sourcecode.swift; path = CharacterListViewModel.swift; sourceTree = "<group>"; };
		4B3C182329D3BE8B00C5E55C /* CharacterListScreen.swift */ = {isa = PBXFileReference; lastKnownFileType = sourcecode.swift; path = CharacterListScreen.swift; sourceTree = "<group>"; };
		4B3C182629D3BEB800C5E55C /* Strings.swift */ = {isa = PBXFileReference; lastKnownFileType = sourcecode.swift; path = Strings.swift; sourceTree = "<group>"; };
		4B3C182929D3BEFA00C5E55C /* ErrorView.swift */ = {isa = PBXFileReference; lastKnownFileType = sourcecode.swift; path = ErrorView.swift; sourceTree = "<group>"; };
		4B3C182C29D3BF3C00C5E55C /* BasePaginationModel.swift */ = {isa = PBXFileReference; lastKnownFileType = sourcecode.swift; path = BasePaginationModel.swift; sourceTree = "<group>"; };
		4B3C182E29D3BF5A00C5E55C /* ViewState.swift */ = {isa = PBXFileReference; lastKnownFileType = sourcecode.swift; path = ViewState.swift; sourceTree = "<group>"; };
		4B3C183029D3BF7F00C5E55C /* CharacterInfo.swift */ = {isa = PBXFileReference; lastKnownFileType = sourcecode.swift; path = CharacterInfo.swift; sourceTree = "<group>"; };
		4B3C183229D3BFA600C5E55C /* Reachability.swift */ = {isa = PBXFileReference; lastKnownFileType = sourcecode.swift; path = Reachability.swift; sourceTree = "<group>"; };
		4B3C183529D3C01900C5E55C /* JSONDecoder+Ext.swift */ = {isa = PBXFileReference; lastKnownFileType = sourcecode.swift; path = "JSONDecoder+Ext.swift"; sourceTree = "<group>"; };
		4B3C183729D3C05800C5E55C /* URL+API.swift */ = {isa = PBXFileReference; fileEncoding = 4; lastKnownFileType = sourcecode.swift; path = "URL+API.swift"; sourceTree = "<group>"; };
		4B3C183B29D4946200C5E55C /* CharacterDetailsScreen.swift */ = {isa = PBXFileReference; lastKnownFileType = sourcecode.swift; path = CharacterDetailsScreen.swift; sourceTree = "<group>"; };
/* End PBXFileReference section */

/* Begin PBXFrameworksBuildPhase section */
		4B3C17F029D3BD3C00C5E55C /* Frameworks */ = {
			isa = PBXFrameworksBuildPhase;
			buildActionMask = 2147483647;
			files = (
			);
			runOnlyForDeploymentPostprocessing = 0;
		};
		4B3C180029D3BD3C00C5E55C /* Frameworks */ = {
			isa = PBXFrameworksBuildPhase;
			buildActionMask = 2147483647;
			files = (
			);
			runOnlyForDeploymentPostprocessing = 0;
		};
		4B3C180A29D3BD3C00C5E55C /* Frameworks */ = {
			isa = PBXFrameworksBuildPhase;
			buildActionMask = 2147483647;
			files = (
			);
			runOnlyForDeploymentPostprocessing = 0;
		};
/* End PBXFrameworksBuildPhase section */

/* Begin PBXGroup section */
		4B3C17EA29D3BD3C00C5E55C = {
			isa = PBXGroup;
			children = (
				4B3C17F529D3BD3C00C5E55C /* StarWars */,
				4B3C180629D3BD3C00C5E55C /* StarWarsTests */,
				4B3C181029D3BD3C00C5E55C /* StarWarsUITests */,
				4B3C17F429D3BD3C00C5E55C /* Products */,
			);
			sourceTree = "<group>";
		};
		4B3C17F429D3BD3C00C5E55C /* Products */ = {
			isa = PBXGroup;
			children = (
				4B3C17F329D3BD3C00C5E55C /* StarWars.app */,
				4B3C180329D3BD3C00C5E55C /* StarWarsTests.xctest */,
				4B3C180D29D3BD3C00C5E55C /* StarWarsUITests.xctest */,
			);
			name = Products;
			sourceTree = "<group>";
		};
		4B3C17F529D3BD3C00C5E55C /* StarWars */ = {
			isa = PBXGroup;
			children = (
				4B3C183929D4944100C5E55C /* Screens */,
				4B3C183429D3C00400C5E55C /* Extensions */,
				4B3C182B29D3BF2F00C5E55C /* Models */,
				4B3C182829D3BEF100C5E55C /* Views */,
				4B3C182529D3BEA700C5E55C /* Utilities */,
				4B3C17F629D3BD3C00C5E55C /* StarWarsApp.swift */,
				4B3C17FA29D3BD3C00C5E55C /* Assets.xcassets */,
				4B3C17FC29D3BD3C00C5E55C /* Preview Content */,
			);
			path = StarWars;
			sourceTree = "<group>";
		};
		4B3C17FC29D3BD3C00C5E55C /* Preview Content */ = {
			isa = PBXGroup;
			children = (
				4B3C17FD29D3BD3C00C5E55C /* Preview Assets.xcassets */,
			);
			path = "Preview Content";
			sourceTree = "<group>";
		};
		4B3C180629D3BD3C00C5E55C /* StarWarsTests */ = {
			isa = PBXGroup;
			children = (
				4B3C180729D3BD3C00C5E55C /* StarWarsTests.swift */,
			);
			path = StarWarsTests;
			sourceTree = "<group>";
		};
		4B3C181029D3BD3C00C5E55C /* StarWarsUITests */ = {
			isa = PBXGroup;
			children = (
				4B3C181129D3BD3C00C5E55C /* StarWarsUITests.swift */,
				4B3C181329D3BD3C00C5E55C /* StarWarsUITestsLaunchTests.swift */,
			);
			path = StarWarsUITests;
			sourceTree = "<group>";
		};
		4B3C182029D3BE5400C5E55C /* CharacterList */ = {
			isa = PBXGroup;
			children = (
				4B3C182129D3BE6900C5E55C /* CharacterListViewModel.swift */,
				4B3C182329D3BE8B00C5E55C /* CharacterListScreen.swift */,
			);
			path = CharacterList;
			sourceTree = "<group>";
		};
		4B3C182529D3BEA700C5E55C /* Utilities */ = {
			isa = PBXGroup;
			children = (
				4B3C182629D3BEB800C5E55C /* Strings.swift */,
				4B3C182E29D3BF5A00C5E55C /* ViewState.swift */,
			);
			path = Utilities;
			sourceTree = "<group>";
		};
		4B3C182829D3BEF100C5E55C /* Views */ = {
			isa = PBXGroup;
			children = (
				4B3C182929D3BEFA00C5E55C /* ErrorView.swift */,
			);
			path = Views;
			sourceTree = "<group>";
		};
		4B3C182B29D3BF2F00C5E55C /* Models */ = {
			isa = PBXGroup;
			children = (
				4B3C182C29D3BF3C00C5E55C /* BasePaginationModel.swift */,
				4B3C183029D3BF7F00C5E55C /* CharacterInfo.swift */,
				4B3C183229D3BFA600C5E55C /* Reachability.swift */,
			);
			path = Models;
			sourceTree = "<group>";
		};
		4B3C183429D3C00400C5E55C /* Extensions */ = {
			isa = PBXGroup;
			children = (
				4B3C183729D3C05800C5E55C /* URL+API.swift */,
				4B3C183529D3C01900C5E55C /* JSONDecoder+Ext.swift */,
			);
			path = Extensions;
			sourceTree = "<group>";
		};
		4B3C183929D4944100C5E55C /* Screens */ = {
			isa = PBXGroup;
			children = (
				4B3C183A29D4944A00C5E55C /* CharacterDetails */,
				4B3C182029D3BE5400C5E55C /* CharacterList */,
			);
			path = Screens;
			sourceTree = "<group>";
		};
		4B3C183A29D4944A00C5E55C /* CharacterDetails */ = {
			isa = PBXGroup;
			children = (
				4B3C183B29D4946200C5E55C /* CharacterDetailsScreen.swift */,
			);
			path = CharacterDetails;
			sourceTree = "<group>";
		};
/* End PBXGroup section */

/* Begin PBXNativeTarget section */
		4B3C17F229D3BD3C00C5E55C /* StarWars */ = {
			isa = PBXNativeTarget;
			buildConfigurationList = 4B3C181729D3BD3C00C5E55C /* Build configuration list for PBXNativeTarget "StarWars" */;
			buildPhases = (
				4B3C17EF29D3BD3C00C5E55C /* Sources */,
				4B3C17F029D3BD3C00C5E55C /* Frameworks */,
				4B3C17F129D3BD3C00C5E55C /* Resources */,
			);
			buildRules = (
			);
			dependencies = (
			);
			name = StarWars;
			productName = StarWars;
			productReference = 4B3C17F329D3BD3C00C5E55C /* StarWars.app */;
			productType = "com.apple.product-type.application";
		};
		4B3C180229D3BD3C00C5E55C /* StarWarsTests */ = {
			isa = PBXNativeTarget;
			buildConfigurationList = 4B3C181A29D3BD3C00C5E55C /* Build configuration list for PBXNativeTarget "StarWarsTests" */;
			buildPhases = (
				4B3C17FF29D3BD3C00C5E55C /* Sources */,
				4B3C180029D3BD3C00C5E55C /* Frameworks */,
				4B3C180129D3BD3C00C5E55C /* Resources */,
			);
			buildRules = (
			);
			dependencies = (
				4B3C180529D3BD3C00C5E55C /* PBXTargetDependency */,
			);
			name = StarWarsTests;
			productName = StarWarsTests;
			productReference = 4B3C180329D3BD3C00C5E55C /* StarWarsTests.xctest */;
			productType = "com.apple.product-type.bundle.unit-test";
		};
		4B3C180C29D3BD3C00C5E55C /* StarWarsUITests */ = {
			isa = PBXNativeTarget;
			buildConfigurationList = 4B3C181D29D3BD3C00C5E55C /* Build configuration list for PBXNativeTarget "StarWarsUITests" */;
			buildPhases = (
				4B3C180929D3BD3C00C5E55C /* Sources */,
				4B3C180A29D3BD3C00C5E55C /* Frameworks */,
				4B3C180B29D3BD3C00C5E55C /* Resources */,
			);
			buildRules = (
			);
			dependencies = (
				4B3C180F29D3BD3C00C5E55C /* PBXTargetDependency */,
			);
			name = StarWarsUITests;
			productName = StarWarsUITests;
			productReference = 4B3C180D29D3BD3C00C5E55C /* StarWarsUITests.xctest */;
			productType = "com.apple.product-type.bundle.ui-testing";
		};
/* End PBXNativeTarget section */

/* Begin PBXProject section */
		4B3C17EB29D3BD3C00C5E55C /* Project object */ = {
			isa = PBXProject;
			attributes = {
				BuildIndependentTargetsInParallel = 1;
				LastSwiftUpdateCheck = 1420;
				LastUpgradeCheck = 1420;
				TargetAttributes = {
					4B3C17F229D3BD3C00C5E55C = {
						CreatedOnToolsVersion = 14.2;
					};
					4B3C180229D3BD3C00C5E55C = {
						CreatedOnToolsVersion = 14.2;
						TestTargetID = 4B3C17F229D3BD3C00C5E55C;
					};
					4B3C180C29D3BD3C00C5E55C = {
						CreatedOnToolsVersion = 14.2;
						TestTargetID = 4B3C17F229D3BD3C00C5E55C;
					};
				};
			};
			buildConfigurationList = 4B3C17EE29D3BD3C00C5E55C /* Build configuration list for PBXProject "StarWars" */;
			compatibilityVersion = "Xcode 14.0";
			developmentRegion = en;
			hasScannedForEncodings = 0;
			knownRegions = (
				en,
				Base,
			);
			mainGroup = 4B3C17EA29D3BD3C00C5E55C;
			productRefGroup = 4B3C17F429D3BD3C00C5E55C /* Products */;
			projectDirPath = "";
			projectRoot = "";
			targets = (
				4B3C17F229D3BD3C00C5E55C /* StarWars */,
				4B3C180229D3BD3C00C5E55C /* StarWarsTests */,
				4B3C180C29D3BD3C00C5E55C /* StarWarsUITests */,
			);
		};
/* End PBXProject section */

/* Begin PBXResourcesBuildPhase section */
		4B3C17F129D3BD3C00C5E55C /* Resources */ = {
			isa = PBXResourcesBuildPhase;
			buildActionMask = 2147483647;
			files = (
				4B3C17FE29D3BD3C00C5E55C /* Preview Assets.xcassets in Resources */,
				4B3C17FB29D3BD3C00C5E55C /* Assets.xcassets in Resources */,
			);
			runOnlyForDeploymentPostprocessing = 0;
		};
		4B3C180129D3BD3C00C5E55C /* Resources */ = {
			isa = PBXResourcesBuildPhase;
			buildActionMask = 2147483647;
			files = (
			);
			runOnlyForDeploymentPostprocessing = 0;
		};
		4B3C180B29D3BD3C00C5E55C /* Resources */ = {
			isa = PBXResourcesBuildPhase;
			buildActionMask = 2147483647;
			files = (
			);
			runOnlyForDeploymentPostprocessing = 0;
		};
/* End PBXResourcesBuildPhase section */

/* Begin PBXSourcesBuildPhase section */
		4B3C17EF29D3BD3C00C5E55C /* Sources */ = {
			isa = PBXSourcesBuildPhase;
			buildActionMask = 2147483647;
			files = (
				4B3C183629D3C01900C5E55C /* JSONDecoder+Ext.swift in Sources */,
				4B3C183829D3C05800C5E55C /* URL+API.swift in Sources */,
				4B3C183C29D4946200C5E55C /* CharacterDetailsScreen.swift in Sources */,
				4B3C182A29D3BEFA00C5E55C /* ErrorView.swift in Sources */,
				4B3C182229D3BE6900C5E55C /* CharacterListViewModel.swift in Sources */,
				4B3C182F29D3BF5A00C5E55C /* ViewState.swift in Sources */,
				4B3C182D29D3BF3C00C5E55C /* BasePaginationModel.swift in Sources */,
				4B3C182429D3BE8B00C5E55C /* CharacterListScreen.swift in Sources */,
				4B3C183329D3BFA600C5E55C /* Reachability.swift in Sources */,
				4B3C182729D3BEB800C5E55C /* Strings.swift in Sources */,
				4B3C17F729D3BD3C00C5E55C /* StarWarsApp.swift in Sources */,
				4B3C183129D3BF7F00C5E55C /* CharacterInfo.swift in Sources */,
			);
			runOnlyForDeploymentPostprocessing = 0;
		};
		4B3C17FF29D3BD3C00C5E55C /* Sources */ = {
			isa = PBXSourcesBuildPhase;
			buildActionMask = 2147483647;
			files = (
				4B3C180829D3BD3C00C5E55C /* StarWarsTests.swift in Sources */,
			);
			runOnlyForDeploymentPostprocessing = 0;
		};
		4B3C180929D3BD3C00C5E55C /* Sources */ = {
			isa = PBXSourcesBuildPhase;
			buildActionMask = 2147483647;
			files = (
				4B3C181429D3BD3C00C5E55C /* StarWarsUITestsLaunchTests.swift in Sources */,
				4B3C181229D3BD3C00C5E55C /* StarWarsUITests.swift in Sources */,
			);
			runOnlyForDeploymentPostprocessing = 0;
		};
/* End PBXSourcesBuildPhase section */

/* Begin PBXTargetDependency section */
		4B3C180529D3BD3C00C5E55C /* PBXTargetDependency */ = {
			isa = PBXTargetDependency;
			target = 4B3C17F229D3BD3C00C5E55C /* StarWars */;
			targetProxy = 4B3C180429D3BD3C00C5E55C /* PBXContainerItemProxy */;
		};
		4B3C180F29D3BD3C00C5E55C /* PBXTargetDependency */ = {
			isa = PBXTargetDependency;
			target = 4B3C17F229D3BD3C00C5E55C /* StarWars */;
			targetProxy = 4B3C180E29D3BD3C00C5E55C /* PBXContainerItemProxy */;
		};
/* End PBXTargetDependency section */

/* Begin XCBuildConfiguration section */
		4B3C181529D3BD3C00C5E55C /* Debug */ = {
			isa = XCBuildConfiguration;
			buildSettings = {
				ALWAYS_SEARCH_USER_PATHS = NO;
				CLANG_ANALYZER_NONNULL = YES;
				CLANG_ANALYZER_NUMBER_OBJECT_CONVERSION = YES_AGGRESSIVE;
				CLANG_CXX_LANGUAGE_STANDARD = "gnu++20";
				CLANG_ENABLE_MODULES = YES;
				CLANG_ENABLE_OBJC_ARC = YES;
				CLANG_ENABLE_OBJC_WEAK = YES;
				CLANG_WARN_BLOCK_CAPTURE_AUTORELEASING = YES;
				CLANG_WARN_BOOL_CONVERSION = YES;
				CLANG_WARN_COMMA = YES;
				CLANG_WARN_CONSTANT_CONVERSION = YES;
				CLANG_WARN_DEPRECATED_OBJC_IMPLEMENTATIONS = YES;
				CLANG_WARN_DIRECT_OBJC_ISA_USAGE = YES_ERROR;
				CLANG_WARN_DOCUMENTATION_COMMENTS = YES;
				CLANG_WARN_EMPTY_BODY = YES;
				CLANG_WARN_ENUM_CONVERSION = YES;
				CLANG_WARN_INFINITE_RECURSION = YES;
				CLANG_WARN_INT_CONVERSION = YES;
				CLANG_WARN_NON_LITERAL_NULL_CONVERSION = YES;
				CLANG_WARN_OBJC_IMPLICIT_RETAIN_SELF = YES;
				CLANG_WARN_OBJC_LITERAL_CONVERSION = YES;
				CLANG_WARN_OBJC_ROOT_CLASS = YES_ERROR;
				CLANG_WARN_QUOTED_INCLUDE_IN_FRAMEWORK_HEADER = YES;
				CLANG_WARN_RANGE_LOOP_ANALYSIS = YES;
				CLANG_WARN_STRICT_PROTOTYPES = YES;
				CLANG_WARN_SUSPICIOUS_MOVE = YES;
				CLANG_WARN_UNGUARDED_AVAILABILITY = YES_AGGRESSIVE;
				CLANG_WARN_UNREACHABLE_CODE = YES;
				CLANG_WARN__DUPLICATE_METHOD_MATCH = YES;
				COPY_PHASE_STRIP = NO;
				DEBUG_INFORMATION_FORMAT = dwarf;
				ENABLE_STRICT_OBJC_MSGSEND = YES;
				ENABLE_TESTABILITY = YES;
				GCC_C_LANGUAGE_STANDARD = gnu11;
				GCC_DYNAMIC_NO_PIC = NO;
				GCC_NO_COMMON_BLOCKS = YES;
				GCC_OPTIMIZATION_LEVEL = 0;
				GCC_PREPROCESSOR_DEFINITIONS = (
					"DEBUG=1",
					"$(inherited)",
				);
				GCC_WARN_64_TO_32_BIT_CONVERSION = YES;
				GCC_WARN_ABOUT_RETURN_TYPE = YES_ERROR;
				GCC_WARN_UNDECLARED_SELECTOR = YES;
				GCC_WARN_UNINITIALIZED_AUTOS = YES_AGGRESSIVE;
				GCC_WARN_UNUSED_FUNCTION = YES;
				GCC_WARN_UNUSED_VARIABLE = YES;
				IPHONEOS_DEPLOYMENT_TARGET = 16.2;
				MTL_ENABLE_DEBUG_INFO = INCLUDE_SOURCE;
				MTL_FAST_MATH = YES;
				ONLY_ACTIVE_ARCH = YES;
				SDKROOT = iphoneos;
				SWIFT_ACTIVE_COMPILATION_CONDITIONS = DEBUG;
				SWIFT_OPTIMIZATION_LEVEL = "-Onone";
			};
			name = Debug;
		};
		4B3C181629D3BD3C00C5E55C /* Release */ = {
			isa = XCBuildConfiguration;
			buildSettings = {
				ALWAYS_SEARCH_USER_PATHS = NO;
				CLANG_ANALYZER_NONNULL = YES;
				CLANG_ANALYZER_NUMBER_OBJECT_CONVERSION = YES_AGGRESSIVE;
				CLANG_CXX_LANGUAGE_STANDARD = "gnu++20";
				CLANG_ENABLE_MODULES = YES;
				CLANG_ENABLE_OBJC_ARC = YES;
				CLANG_ENABLE_OBJC_WEAK = YES;
				CLANG_WARN_BLOCK_CAPTURE_AUTORELEASING = YES;
				CLANG_WARN_BOOL_CONVERSION = YES;
				CLANG_WARN_COMMA = YES;
				CLANG_WARN_CONSTANT_CONVERSION = YES;
				CLANG_WARN_DEPRECATED_OBJC_IMPLEMENTATIONS = YES;
				CLANG_WARN_DIRECT_OBJC_ISA_USAGE = YES_ERROR;
				CLANG_WARN_DOCUMENTATION_COMMENTS = YES;
				CLANG_WARN_EMPTY_BODY = YES;
				CLANG_WARN_ENUM_CONVERSION = YES;
				CLANG_WARN_INFINITE_RECURSION = YES;
				CLANG_WARN_INT_CONVERSION = YES;
				CLANG_WARN_NON_LITERAL_NULL_CONVERSION = YES;
				CLANG_WARN_OBJC_IMPLICIT_RETAIN_SELF = YES;
				CLANG_WARN_OBJC_LITERAL_CONVERSION = YES;
				CLANG_WARN_OBJC_ROOT_CLASS = YES_ERROR;
				CLANG_WARN_QUOTED_INCLUDE_IN_FRAMEWORK_HEADER = YES;
				CLANG_WARN_RANGE_LOOP_ANALYSIS = YES;
				CLANG_WARN_STRICT_PROTOTYPES = YES;
				CLANG_WARN_SUSPICIOUS_MOVE = YES;
				CLANG_WARN_UNGUARDED_AVAILABILITY = YES_AGGRESSIVE;
				CLANG_WARN_UNREACHABLE_CODE = YES;
				CLANG_WARN__DUPLICATE_METHOD_MATCH = YES;
				COPY_PHASE_STRIP = NO;
				DEBUG_INFORMATION_FORMAT = "dwarf-with-dsym";
				ENABLE_NS_ASSERTIONS = NO;
				ENABLE_STRICT_OBJC_MSGSEND = YES;
				GCC_C_LANGUAGE_STANDARD = gnu11;
				GCC_NO_COMMON_BLOCKS = YES;
				GCC_WARN_64_TO_32_BIT_CONVERSION = YES;
				GCC_WARN_ABOUT_RETURN_TYPE = YES_ERROR;
				GCC_WARN_UNDECLARED_SELECTOR = YES;
				GCC_WARN_UNINITIALIZED_AUTOS = YES_AGGRESSIVE;
				GCC_WARN_UNUSED_FUNCTION = YES;
				GCC_WARN_UNUSED_VARIABLE = YES;
				IPHONEOS_DEPLOYMENT_TARGET = 16.2;
				MTL_ENABLE_DEBUG_INFO = NO;
				MTL_FAST_MATH = YES;
				SDKROOT = iphoneos;
				SWIFT_COMPILATION_MODE = wholemodule;
				SWIFT_OPTIMIZATION_LEVEL = "-O";
				VALIDATE_PRODUCT = YES;
			};
			name = Release;
		};
		4B3C181829D3BD3C00C5E55C /* Debug */ = {
			isa = XCBuildConfiguration;
			buildSettings = {
				ASSETCATALOG_COMPILER_APPICON_NAME = AppIcon;
				ASSETCATALOG_COMPILER_GLOBAL_ACCENT_COLOR_NAME = AccentColor;
				CODE_SIGN_STYLE = Automatic;
				CURRENT_PROJECT_VERSION = 1;
				DEVELOPMENT_ASSET_PATHS = "\"StarWars/Preview Content\"";
				ENABLE_PREVIEWS = YES;
				GENERATE_INFOPLIST_FILE = YES;
				INFOPLIST_KEY_UIApplicationSceneManifest_Generation = YES;
				INFOPLIST_KEY_UIApplicationSupportsIndirectInputEvents = YES;
				INFOPLIST_KEY_UILaunchScreen_Generation = YES;
				INFOPLIST_KEY_UISupportedInterfaceOrientations_iPad = "UIInterfaceOrientationPortrait UIInterfaceOrientationPortraitUpsideDown UIInterfaceOrientationLandscapeLeft UIInterfaceOrientationLandscapeRight";
				INFOPLIST_KEY_UISupportedInterfaceOrientations_iPhone = "UIInterfaceOrientationPortrait UIInterfaceOrientationLandscapeLeft UIInterfaceOrientationLandscapeRight";
				LD_RUNPATH_SEARCH_PATHS = (
					"$(inherited)",
					"@executable_path/Frameworks",
				);
				MARKETING_VERSION = 1.0;
				PRODUCT_BUNDLE_IDENTIFIER = com.test.StarWars;
				PRODUCT_NAME = "$(TARGET_NAME)";
				SWIFT_EMIT_LOC_STRINGS = YES;
				SWIFT_VERSION = 5.0;
				TARGETED_DEVICE_FAMILY = "1,2";
			};
			name = Debug;
		};
		4B3C181929D3BD3C00C5E55C /* Release */ = {
			isa = XCBuildConfiguration;
			buildSettings = {
				ASSETCATALOG_COMPILER_APPICON_NAME = AppIcon;
				ASSETCATALOG_COMPILER_GLOBAL_ACCENT_COLOR_NAME = AccentColor;
				CODE_SIGN_STYLE = Automatic;
				CURRENT_PROJECT_VERSION = 1;
				DEVELOPMENT_ASSET_PATHS = "\"StarWars/Preview Content\"";
				ENABLE_PREVIEWS = YES;
				GENERATE_INFOPLIST_FILE = YES;
				INFOPLIST_KEY_UIApplicationSceneManifest_Generation = YES;
				INFOPLIST_KEY_UIApplicationSupportsIndirectInputEvents = YES;
				INFOPLIST_KEY_UILaunchScreen_Generation = YES;
				INFOPLIST_KEY_UISupportedInterfaceOrientations_iPad = "UIInterfaceOrientationPortrait UIInterfaceOrientationPortraitUpsideDown UIInterfaceOrientationLandscapeLeft UIInterfaceOrientationLandscapeRight";
				INFOPLIST_KEY_UISupportedInterfaceOrientations_iPhone = "UIInterfaceOrientationPortrait UIInterfaceOrientationLandscapeLeft UIInterfaceOrientationLandscapeRight";
				LD_RUNPATH_SEARCH_PATHS = (
					"$(inherited)",
					"@executable_path/Frameworks",
				);
				MARKETING_VERSION = 1.0;
				PRODUCT_BUNDLE_IDENTIFIER = com.test.StarWars;
				PRODUCT_NAME = "$(TARGET_NAME)";
				SWIFT_EMIT_LOC_STRINGS = YES;
				SWIFT_VERSION = 5.0;
				TARGETED_DEVICE_FAMILY = "1,2";
			};
			name = Release;
		};
		4B3C181B29D3BD3C00C5E55C /* Debug */ = {
			isa = XCBuildConfiguration;
			buildSettings = {
				ALWAYS_EMBED_SWIFT_STANDARD_LIBRARIES = YES;
				BUNDLE_LOADER = "$(TEST_HOST)";
				CODE_SIGN_STYLE = Automatic;
				CURRENT_PROJECT_VERSION = 1;
				GENERATE_INFOPLIST_FILE = YES;
				IPHONEOS_DEPLOYMENT_TARGET = 16.2;
				MARKETING_VERSION = 1.0;
				PRODUCT_BUNDLE_IDENTIFIER = com.test.StarWarsTests;
				PRODUCT_NAME = "$(TARGET_NAME)";
				SWIFT_EMIT_LOC_STRINGS = NO;
				SWIFT_VERSION = 5.0;
				TARGETED_DEVICE_FAMILY = "1,2";
				TEST_HOST = "$(BUILT_PRODUCTS_DIR)/StarWars.app/$(BUNDLE_EXECUTABLE_FOLDER_PATH)/StarWars";
			};
			name = Debug;
		};
		4B3C181C29D3BD3C00C5E55C /* Release */ = {
			isa = XCBuildConfiguration;
			buildSettings = {
				ALWAYS_EMBED_SWIFT_STANDARD_LIBRARIES = YES;
				BUNDLE_LOADER = "$(TEST_HOST)";
				CODE_SIGN_STYLE = Automatic;
				CURRENT_PROJECT_VERSION = 1;
				GENERATE_INFOPLIST_FILE = YES;
				IPHONEOS_DEPLOYMENT_TARGET = 16.2;
				MARKETING_VERSION = 1.0;
				PRODUCT_BUNDLE_IDENTIFIER = com.test.StarWarsTests;
				PRODUCT_NAME = "$(TARGET_NAME)";
				SWIFT_EMIT_LOC_STRINGS = NO;
				SWIFT_VERSION = 5.0;
				TARGETED_DEVICE_FAMILY = "1,2";
				TEST_HOST = "$(BUILT_PRODUCTS_DIR)/StarWars.app/$(BUNDLE_EXECUTABLE_FOLDER_PATH)/StarWars";
			};
			name = Release;
		};
		4B3C181E29D3BD3C00C5E55C /* Debug */ = {
			isa = XCBuildConfiguration;
			buildSettings = {
				ALWAYS_EMBED_SWIFT_STANDARD_LIBRARIES = YES;
				CODE_SIGN_STYLE = Automatic;
				CURRENT_PROJECT_VERSION = 1;
				GENERATE_INFOPLIST_FILE = YES;
				MARKETING_VERSION = 1.0;
				PRODUCT_BUNDLE_IDENTIFIER = com.test.StarWarsUITests;
				PRODUCT_NAME = "$(TARGET_NAME)";
				SWIFT_EMIT_LOC_STRINGS = NO;
				SWIFT_VERSION = 5.0;
				TARGETED_DEVICE_FAMILY = "1,2";
				TEST_TARGET_NAME = StarWars;
			};
			name = Debug;
		};
		4B3C181F29D3BD3C00C5E55C /* Release */ = {
			isa = XCBuildConfiguration;
			buildSettings = {
				ALWAYS_EMBED_SWIFT_STANDARD_LIBRARIES = YES;
				CODE_SIGN_STYLE = Automatic;
				CURRENT_PROJECT_VERSION = 1;
				GENERATE_INFOPLIST_FILE = YES;
				MARKETING_VERSION = 1.0;
				PRODUCT_BUNDLE_IDENTIFIER = com.test.StarWarsUITests;
				PRODUCT_NAME = "$(TARGET_NAME)";
				SWIFT_EMIT_LOC_STRINGS = NO;
				SWIFT_VERSION = 5.0;
				TARGETED_DEVICE_FAMILY = "1,2";
				TEST_TARGET_NAME = StarWars;
			};
			name = Release;
		};
/* End XCBuildConfiguration section */

/* Begin XCConfigurationList section */
		4B3C17EE29D3BD3C00C5E55C /* Build configuration list for PBXProject "StarWars" */ = {
			isa = XCConfigurationList;
			buildConfigurations = (
				4B3C181529D3BD3C00C5E55C /* Debug */,
				4B3C181629D3BD3C00C5E55C /* Release */,
			);
			defaultConfigurationIsVisible = 0;
			defaultConfigurationName = Release;
		};
		4B3C181729D3BD3C00C5E55C /* Build configuration list for PBXNativeTarget "StarWars" */ = {
			isa = XCConfigurationList;
			buildConfigurations = (
				4B3C181829D3BD3C00C5E55C /* Debug */,
				4B3C181929D3BD3C00C5E55C /* Release */,
			);
			defaultConfigurationIsVisible = 0;
			defaultConfigurationName = Release;
		};
		4B3C181A29D3BD3C00C5E55C /* Build configuration list for PBXNativeTarget "StarWarsTests" */ = {
			isa = XCConfigurationList;
			buildConfigurations = (
				4B3C181B29D3BD3C00C5E55C /* Debug */,
				4B3C181C29D3BD3C00C5E55C /* Release */,
			);
			defaultConfigurationIsVisible = 0;
			defaultConfigurationName = Release;
		};
		4B3C181D29D3BD3C00C5E55C /* Build configuration list for PBXNativeTarget "StarWarsUITests" */ = {
			isa = XCConfigurationList;
			buildConfigurations = (
				4B3C181E29D3BD3C00C5E55C /* Debug */,
				4B3C181F29D3BD3C00C5E55C /* Release */,
			);
			defaultConfigurationIsVisible = 0;
			defaultConfigurationName = Release;
		};
/* End XCConfigurationList section */
	};
	rootObject = 4B3C17EB29D3BD3C00C5E55C /* Project object */;
}
